
Microsoft Visual Studio Solution File, Format Version 12.00
# Visual Studio Version 17
VisualStudioVersion = 17.3.32825.248
MinimumVisualStudioVersion = 10.0.40219.1
Project("{A5E81165-5E32-4C6A-86E1-D29B9161CC04}") = "Harp.Rfid", "Harp.Rfid\Harp.Rfid.csproj", "{DA6145EE-6FC5-4B2C-A9FB-522141E78215}"
EndProject
Global
	GlobalSection(SolutionConfigurationPlatforms) = preSolution
		Debug|Any CPU = Debug|Any CPU
		Release|Any CPU = Release|Any CPU
	EndGlobalSection
	GlobalSection(ProjectConfigurationPlatforms) = postSolution
		{DA6145EE-6FC5-4B2C-A9FB-522141E78215}.Debug|Any CPU.ActiveCfg = Debug|Any CPU
		{DA6145EE-6FC5-4B2C-A9FB-522141E78215}.Debug|Any CPU.Build.0 = Debug|Any CPU
		{DA6145EE-6FC5-4B2C-A9FB-522141E78215}.Release|Any CPU.ActiveCfg = Release|Any CPU
		{DA6145EE-6FC5-4B2C-A9FB-522141E78215}.Release|Any CPU.Build.0 = Release|Any CPU
	EndGlobalSection
	GlobalSection(SolutionProperties) = preSolution
		HideSolutionNode = FALSE
	EndGlobalSection
	GlobalSection(ExtensibilityGlobals) = postSolution
		SolutionGuid = {FB85CCB9-0F42-4877-960C-F3E2AC16E0C8}
	EndGlobalSection
EndGlobal
